# This file is automatically @generated by Cargo.
# It is not intended for manual editing.
version = 4

[[package]]
name = "hex"
version = "0.4.3"
source = "registry+https://github.com/rust-lang/crates.io-index"
checksum = "7f24254aa9a54b5c858eaee2f5bccdb46aaf0e486a595ed5fd8f86ba55232a70"

[[package]]
name = "riscv-dummy-no-std"
version = "0.0.0"
dependencies = [
 "hex",
 "tezos-smart-rollup-constants",
]

[[package]]
name = "tezos-smart-rollup-constants"
version = "0.2.2"
source = "git+https://gitlab.com/tezos/tezos.git#3bb7eddc8f325a7e8f3250a2f0ecbcfbca272de2"
